
Microsoft Visual Studio Solution File, Format Version 12.00
Project("{FAE04EC0-301F-11D3-BF4B-00C04F79EFBC}") = "osu.Server.Spectator", "osu.Server.Spectator\osu.Server.Spectator.csproj", "{25BA3E1C-81EC-4DFB-9476-E7C6132CAD12}"
EndProject
Project("{FAE04EC0-301F-11D3-BF4B-00C04F79EFBC}") = "osu.Server.Spectator.Tests", "osu.Server.Spectator.Tests\osu.Server.Spectator.Tests.csproj", "{8FA8D3BE-FC98-45F6-98FC-07F70DD2483B}"
EndProject
Project("{FAE04EC0-301F-11D3-BF4B-00C04F79EFBC}") = "SampleSpectatorClient", "SampleSpectatorClient\SampleSpectatorClient.csproj", "{E126B79F-50B9-4448-8DE6-564BB820EE9D}"
EndProject
Project("{FAE04EC0-301F-11D3-BF4B-00C04F79EFBC}") = "SampleMultiplayerClient", "SampleMultiplayerClient\SampleMultiplayerClient.csproj", "{1F6CE8F8-1CF5-455B-9064-63CC12410B56}"
EndProject
Project("{FAE04EC0-301F-11D3-BF4B-00C04F79EFBC}") = "osu.Server.Spectator.PublicAPIDocs", "osu.Server.Spectator.PublicAPIDocs\osu.Server.Spectator.PublicAPIDocs.csproj", "{5A272A48-46A1-46B0-A5D7-9956C44F212E}"
EndProject
Project("{FAE04EC0-301F-11D3-BF4B-00C04F79EFBC}") = "osu.Game.Rulesets.Catch", "..\osu\osu.Game.Rulesets.Catch\osu.Game.Rulesets.Catch.csproj", "{B6097EFA-C90E-4AFF-8F83-0E1894F83741}"
EndProject
Project("{FAE04EC0-301F-11D3-BF4B-00C04F79EFBC}") = "osu.Game", "..\osu\osu.Game\osu.Game.csproj", "{D47A0AC2-4B19-47CA-B74B-D9C34438DCE1}"
EndProject
Project("{FAE04EC0-301F-11D3-BF4B-00C04F79EFBC}") = "osu.Game.Rulesets.Mania", "..\osu\osu.Game.Rulesets.Mania\osu.Game.Rulesets.Mania.csproj", "{4E14AF48-4934-433C-8A01-84351A7356C3}"
EndProject
Project("{FAE04EC0-301F-11D3-BF4B-00C04F79EFBC}") = "osu.Game.Rulesets.Osu", "..\osu\osu.Game.Rulesets.Osu\osu.Game.Rulesets.Osu.csproj", "{3A621B09-D3C1-4ACC-A5F2-6A666C47252A}"
EndProject
Project("{FAE04EC0-301F-11D3-BF4B-00C04F79EFBC}") = "osu.Game.Rulesets.Taiko", "..\osu\osu.Game.Rulesets.Taiko\osu.Game.Rulesets.Taiko.csproj", "{2E09F567-3BBD-4E8E-86F4-F4AC777886DE}"
EndProject
Global
	GlobalSection(SolutionConfigurationPlatforms) = preSolution
		Debug|Any CPU = Debug|Any CPU
		Debug|x64 = Debug|x64
		Debug|x86 = Debug|x86
		Release|Any CPU = Release|Any CPU
		Release|x64 = Release|x64
		Release|x86 = Release|x86
	EndGlobalSection
	GlobalSection(ProjectConfigurationPlatforms) = postSolution
		{25BA3E1C-81EC-4DFB-9476-E7C6132CAD12}.Debug|Any CPU.ActiveCfg = Debug|Any CPU
		{25BA3E1C-81EC-4DFB-9476-E7C6132CAD12}.Debug|Any CPU.Build.0 = Debug|Any CPU
		{25BA3E1C-81EC-4DFB-9476-E7C6132CAD12}.Debug|x64.ActiveCfg = Debug|Any CPU
		{25BA3E1C-81EC-4DFB-9476-E7C6132CAD12}.Debug|x64.Build.0 = Debug|Any CPU
		{25BA3E1C-81EC-4DFB-9476-E7C6132CAD12}.Debug|x86.ActiveCfg = Debug|Any CPU
		{25BA3E1C-81EC-4DFB-9476-E7C6132CAD12}.Debug|x86.Build.0 = Debug|Any CPU
		{25BA3E1C-81EC-4DFB-9476-E7C6132CAD12}.Release|Any CPU.ActiveCfg = Release|Any CPU
		{25BA3E1C-81EC-4DFB-9476-E7C6132CAD12}.Release|Any CPU.Build.0 = Release|Any CPU
		{25BA3E1C-81EC-4DFB-9476-E7C6132CAD12}.Release|x64.ActiveCfg = Release|Any CPU
		{25BA3E1C-81EC-4DFB-9476-E7C6132CAD12}.Release|x64.Build.0 = Release|Any CPU
		{25BA3E1C-81EC-4DFB-9476-E7C6132CAD12}.Release|x86.ActiveCfg = Release|Any CPU
		{25BA3E1C-81EC-4DFB-9476-E7C6132CAD12}.Release|x86.Build.0 = Release|Any CPU
		{8FA8D3BE-FC98-45F6-98FC-07F70DD2483B}.Debug|Any CPU.ActiveCfg = Debug|Any CPU
		{8FA8D3BE-FC98-45F6-98FC-07F70DD2483B}.Debug|Any CPU.Build.0 = Debug|Any CPU
		{8FA8D3BE-FC98-45F6-98FC-07F70DD2483B}.Debug|x64.ActiveCfg = Debug|Any CPU
		{8FA8D3BE-FC98-45F6-98FC-07F70DD2483B}.Debug|x64.Build.0 = Debug|Any CPU
		{8FA8D3BE-FC98-45F6-98FC-07F70DD2483B}.Debug|x86.ActiveCfg = Debug|Any CPU
		{8FA8D3BE-FC98-45F6-98FC-07F70DD2483B}.Debug|x86.Build.0 = Debug|Any CPU
		{8FA8D3BE-FC98-45F6-98FC-07F70DD2483B}.Release|Any CPU.ActiveCfg = Release|Any CPU
		{8FA8D3BE-FC98-45F6-98FC-07F70DD2483B}.Release|Any CPU.Build.0 = Release|Any CPU
		{8FA8D3BE-FC98-45F6-98FC-07F70DD2483B}.Release|x64.ActiveCfg = Release|Any CPU
		{8FA8D3BE-FC98-45F6-98FC-07F70DD2483B}.Release|x64.Build.0 = Release|Any CPU
		{8FA8D3BE-FC98-45F6-98FC-07F70DD2483B}.Release|x86.ActiveCfg = Release|Any CPU
		{8FA8D3BE-FC98-45F6-98FC-07F70DD2483B}.Release|x86.Build.0 = Release|Any CPU
		{E126B79F-50B9-4448-8DE6-564BB820EE9D}.Debug|Any CPU.ActiveCfg = Debug|Any CPU
		{E126B79F-50B9-4448-8DE6-564BB820EE9D}.Debug|Any CPU.Build.0 = Debug|Any CPU
		{E126B79F-50B9-4448-8DE6-564BB820EE9D}.Debug|x64.ActiveCfg = Debug|Any CPU
		{E126B79F-50B9-4448-8DE6-564BB820EE9D}.Debug|x64.Build.0 = Debug|Any CPU
		{E126B79F-50B9-4448-8DE6-564BB820EE9D}.Debug|x86.ActiveCfg = Debug|Any CPU
		{E126B79F-50B9-4448-8DE6-564BB820EE9D}.Debug|x86.Build.0 = Debug|Any CPU
		{E126B79F-50B9-4448-8DE6-564BB820EE9D}.Release|Any CPU.ActiveCfg = Release|Any CPU
		{E126B79F-50B9-4448-8DE6-564BB820EE9D}.Release|Any CPU.Build.0 = Release|Any CPU
		{E126B79F-50B9-4448-8DE6-564BB820EE9D}.Release|x64.ActiveCfg = Release|Any CPU
		{E126B79F-50B9-4448-8DE6-564BB820EE9D}.Release|x64.Build.0 = Release|Any CPU
		{E126B79F-50B9-4448-8DE6-564BB820EE9D}.Release|x86.ActiveCfg = Release|Any CPU
		{E126B79F-50B9-4448-8DE6-564BB820EE9D}.Release|x86.Build.0 = Release|Any CPU
		{1F6CE8F8-1CF5-455B-9064-63CC12410B56}.Debug|Any CPU.ActiveCfg = Debug|Any CPU
		{1F6CE8F8-1CF5-455B-9064-63CC12410B56}.Debug|Any CPU.Build.0 = Debug|Any CPU
		{1F6CE8F8-1CF5-455B-9064-63CC12410B56}.Debug|x64.ActiveCfg = Debug|Any CPU
		{1F6CE8F8-1CF5-455B-9064-63CC12410B56}.Debug|x64.Build.0 = Debug|Any CPU
		{1F6CE8F8-1CF5-455B-9064-63CC12410B56}.Debug|x86.ActiveCfg = Debug|Any CPU
		{1F6CE8F8-1CF5-455B-9064-63CC12410B56}.Debug|x86.Build.0 = Debug|Any CPU
		{1F6CE8F8-1CF5-455B-9064-63CC12410B56}.Release|Any CPU.ActiveCfg = Release|Any CPU
		{1F6CE8F8-1CF5-455B-9064-63CC12410B56}.Release|Any CPU.Build.0 = Release|Any CPU
		{1F6CE8F8-1CF5-455B-9064-63CC12410B56}.Release|x64.ActiveCfg = Release|Any CPU
		{1F6CE8F8-1CF5-455B-9064-63CC12410B56}.Release|x64.Build.0 = Release|Any CPU
		{1F6CE8F8-1CF5-455B-9064-63CC12410B56}.Release|x86.ActiveCfg = Release|Any CPU
		{1F6CE8F8-1CF5-455B-9064-63CC12410B56}.Release|x86.Build.0 = Release|Any CPU
		{5A272A48-46A1-46B0-A5D7-9956C44F212E}.Debug|Any CPU.ActiveCfg = Debug|Any CPU
		{5A272A48-46A1-46B0-A5D7-9956C44F212E}.Debug|Any CPU.Build.0 = Debug|Any CPU
		{5A272A48-46A1-46B0-A5D7-9956C44F212E}.Debug|x64.ActiveCfg = Debug|Any CPU
		{5A272A48-46A1-46B0-A5D7-9956C44F212E}.Debug|x64.Build.0 = Debug|Any CPU
		{5A272A48-46A1-46B0-A5D7-9956C44F212E}.Debug|x86.ActiveCfg = Debug|Any CPU
		{5A272A48-46A1-46B0-A5D7-9956C44F212E}.Debug|x86.Build.0 = Debug|Any CPU
		{5A272A48-46A1-46B0-A5D7-9956C44F212E}.Release|Any CPU.ActiveCfg = Release|Any CPU
		{5A272A48-46A1-46B0-A5D7-9956C44F212E}.Release|Any CPU.Build.0 = Release|Any CPU
		{5A272A48-46A1-46B0-A5D7-9956C44F212E}.Release|x64.ActiveCfg = Release|Any CPU
		{5A272A48-46A1-46B0-A5D7-9956C44F212E}.Release|x64.Build.0 = Release|Any CPU
		{5A272A48-46A1-46B0-A5D7-9956C44F212E}.Release|x86.ActiveCfg = Release|Any CPU
		{5A272A48-46A1-46B0-A5D7-9956C44F212E}.Release|x86.Build.0 = Release|Any CPU
		{B6097EFA-C90E-4AFF-8F83-0E1894F83741}.Debug|Any CPU.ActiveCfg = Debug|Any CPU
		{B6097EFA-C90E-4AFF-8F83-0E1894F83741}.Debug|Any CPU.Build.0 = Debug|Any CPU
		{B6097EFA-C90E-4AFF-8F83-0E1894F83741}.Debug|x64.ActiveCfg = Debug|Any CPU
		{B6097EFA-C90E-4AFF-8F83-0E1894F83741}.Debug|x64.Build.0 = Debug|Any CPU
		{B6097EFA-C90E-4AFF-8F83-0E1894F83741}.Debug|x86.ActiveCfg = Debug|Any CPU
		{B6097EFA-C90E-4AFF-8F83-0E1894F83741}.Debug|x86.Build.0 = Debug|Any CPU
		{B6097EFA-C90E-4AFF-8F83-0E1894F83741}.Release|Any CPU.ActiveCfg = Release|Any CPU
		{B6097EFA-C90E-4AFF-8F83-0E1894F83741}.Release|Any CPU.Build.0 = Release|Any CPU
		{B6097EFA-C90E-4AFF-8F83-0E1894F83741}.Release|x64.ActiveCfg = Release|Any CPU
		{B6097EFA-C90E-4AFF-8F83-0E1894F83741}.Release|x64.Build.0 = Release|Any CPU
		{B6097EFA-C90E-4AFF-8F83-0E1894F83741}.Release|x86.ActiveCfg = Release|Any CPU
		{B6097EFA-C90E-4AFF-8F83-0E1894F83741}.Release|x86.Build.0 = Release|Any CPU
		{D47A0AC2-4B19-47CA-B74B-D9C34438DCE1}.Debug|Any CPU.ActiveCfg = Debug|Any CPU
		{D47A0AC2-4B19-47CA-B74B-D9C34438DCE1}.Debug|Any CPU.Build.0 = Debug|Any CPU
		{D47A0AC2-4B19-47CA-B74B-D9C34438DCE1}.Debug|x64.ActiveCfg = Debug|Any CPU
		{D47A0AC2-4B19-47CA-B74B-D9C34438DCE1}.Debug|x64.Build.0 = Debug|Any CPU
		{D47A0AC2-4B19-47CA-B74B-D9C34438DCE1}.Debug|x86.ActiveCfg = Debug|Any CPU
		{D47A0AC2-4B19-47CA-B74B-D9C34438DCE1}.Debug|x86.Build.0 = Debug|Any CPU
		{D47A0AC2-4B19-47CA-B74B-D9C34438DCE1}.Release|Any CPU.ActiveCfg = Release|Any CPU
		{D47A0AC2-4B19-47CA-B74B-D9C34438DCE1}.Release|Any CPU.Build.0 = Release|Any CPU
		{D47A0AC2-4B19-47CA-B74B-D9C34438DCE1}.Release|x64.ActiveCfg = Release|Any CPU
		{D47A0AC2-4B19-47CA-B74B-D9C34438DCE1}.Release|x64.Build.0 = Release|Any CPU
		{D47A0AC2-4B19-47CA-B74B-D9C34438DCE1}.Release|x86.ActiveCfg = Release|Any CPU
		{D47A0AC2-4B19-47CA-B74B-D9C34438DCE1}.Release|x86.Build.0 = Release|Any CPU
		{4E14AF48-4934-433C-8A01-84351A7356C3}.Debug|Any CPU.ActiveCfg = Debug|Any CPU
		{4E14AF48-4934-433C-8A01-84351A7356C3}.Debug|Any CPU.Build.0 = Debug|Any CPU
		{4E14AF48-4934-433C-8A01-84351A7356C3}.Debug|x64.ActiveCfg = Debug|Any CPU
		{4E14AF48-4934-433C-8A01-84351A7356C3}.Debug|x64.Build.0 = Debug|Any CPU
		{4E14AF48-4934-433C-8A01-84351A7356C3}.Debug|x86.ActiveCfg = Debug|Any CPU
		{4E14AF48-4934-433C-8A01-84351A7356C3}.Debug|x86.Build.0 = Debug|Any CPU
		{4E14AF48-4934-433C-8A01-84351A7356C3}.Release|Any CPU.ActiveCfg = Release|Any CPU
		{4E14AF48-4934-433C-8A01-84351A7356C3}.Release|Any CPU.Build.0 = Release|Any CPU
		{4E14AF48-4934-433C-8A01-84351A7356C3}.Release|x64.ActiveCfg = Release|Any CPU
		{4E14AF48-4934-433C-8A01-84351A7356C3}.Release|x64.Build.0 = Release|Any CPU
		{4E14AF48-4934-433C-8A01-84351A7356C3}.Release|x86.ActiveCfg = Release|Any CPU
		{4E14AF48-4934-433C-8A01-84351A7356C3}.Release|x86.Build.0 = Release|Any CPU
		{3A621B09-D3C1-4ACC-A5F2-6A666C47252A}.Debug|Any CPU.ActiveCfg = Debug|Any CPU
		{3A621B09-D3C1-4ACC-A5F2-6A666C47252A}.Debug|Any CPU.Build.0 = Debug|Any CPU
		{3A621B09-D3C1-4ACC-A5F2-6A666C47252A}.Debug|x64.ActiveCfg = Debug|Any CPU
		{3A621B09-D3C1-4ACC-A5F2-6A666C47252A}.Debug|x64.Build.0 = Debug|Any CPU
		{3A621B09-D3C1-4ACC-A5F2-6A666C47252A}.Debug|x86.ActiveCfg = Debug|Any CPU
		{3A621B09-D3C1-4ACC-A5F2-6A666C47252A}.Debug|x86.Build.0 = Debug|Any CPU
		{3A621B09-D3C1-4ACC-A5F2-6A666C47252A}.Release|Any CPU.ActiveCfg = Release|Any CPU
		{3A621B09-D3C1-4ACC-A5F2-6A666C47252A}.Release|Any CPU.Build.0 = Release|Any CPU
		{3A621B09-D3C1-4ACC-A5F2-6A666C47252A}.Release|x64.ActiveCfg = Release|Any CPU
		{3A621B09-D3C1-4ACC-A5F2-6A666C47252A}.Release|x64.Build.0 = Release|Any CPU
		{3A621B09-D3C1-4ACC-A5F2-6A666C47252A}.Release|x86.ActiveCfg = Release|Any CPU
		{3A621B09-D3C1-4ACC-A5F2-6A666C47252A}.Release|x86.Build.0 = Release|Any CPU
		{2E09F567-3BBD-4E8E-86F4-F4AC777886DE}.Debug|Any CPU.ActiveCfg = Debug|Any CPU
		{2E09F567-3BBD-4E8E-86F4-F4AC777886DE}.Debug|Any CPU.Build.0 = Debug|Any CPU
		{2E09F567-3BBD-4E8E-86F4-F4AC777886DE}.Debug|x64.ActiveCfg = Debug|Any CPU
		{2E09F567-3BBD-4E8E-86F4-F4AC777886DE}.Debug|x64.Build.0 = Debug|Any CPU
		{2E09F567-3BBD-4E8E-86F4-F4AC777886DE}.Debug|x86.ActiveCfg = Debug|Any CPU
		{2E09F567-3BBD-4E8E-86F4-F4AC777886DE}.Debug|x86.Build.0 = Debug|Any CPU
		{2E09F567-3BBD-4E8E-86F4-F4AC777886DE}.Release|Any CPU.ActiveCfg = Release|Any CPU
		{2E09F567-3BBD-4E8E-86F4-F4AC777886DE}.Release|Any CPU.Build.0 = Release|Any CPU
		{2E09F567-3BBD-4E8E-86F4-F4AC777886DE}.Release|x64.ActiveCfg = Release|Any CPU
		{2E09F567-3BBD-4E8E-86F4-F4AC777886DE}.Release|x64.Build.0 = Release|Any CPU
		{2E09F567-3BBD-4E8E-86F4-F4AC777886DE}.Release|x86.ActiveCfg = Release|Any CPU
		{2E09F567-3BBD-4E8E-86F4-F4AC777886DE}.Release|x86.Build.0 = Release|Any CPU
	EndGlobalSection
	GlobalSection(SolutionProperties) = preSolution
		HideSolutionNode = FALSE
	EndGlobalSection
EndGlobal
